
Microsoft Visual Studio Solution File, Format Version 12.00
# Visual Studio Version 16
VisualStudioVersion = 16.0.29911.84
MinimumVisualStudioVersion = 10.0.40219.1
Project("{FAE04EC0-301F-11D3-BF4B-00C04F79EFBC}") = "PasswordStrength", "PasswordStrength\PasswordStrength.csproj", "{A090DCC7-F938-474E-B039-0BB9A104D228}"
EndProject
Project("{FAE04EC0-301F-11D3-BF4B-00C04F79EFBC}") = "PasswordStrengthTest", "PasswordStrengthTest\PasswordStrengthTest.csproj", "{2BD0737E-230C-474C-8704-E0890C46E577}"
EndProject
Global
	GlobalSection(SolutionConfigurationPlatforms) = preSolution
		Debug|Any CPU = Debug|Any CPU
		Release|Any CPU = Release|Any CPU
	EndGlobalSection
	GlobalSection(ProjectConfigurationPlatforms) = postSolution
		{A090DCC7-F938-474E-B039-0BB9A104D228}.Debug|Any CPU.ActiveCfg = Debug|Any CPU
		{A090DCC7-F938-474E-B039-0BB9A104D228}.Debug|Any CPU.Build.0 = Debug|Any CPU
		{A090DCC7-F938-474E-B039-0BB9A104D228}.Release|Any CPU.ActiveCfg = Release|Any CPU
		{A090DCC7-F938-474E-B039-0BB9A104D228}.Release|Any CPU.Build.0 = Release|Any CPU
		{2BD0737E-230C-474C-8704-E0890C46E577}.Debug|Any CPU.ActiveCfg = Debug|Any CPU
		{2BD0737E-230C-474C-8704-E0890C46E577}.Debug|Any CPU.Build.0 = Debug|Any CPU
		{2BD0737E-230C-474C-8704-E0890C46E577}.Release|Any CPU.ActiveCfg = Release|Any CPU
		{2BD0737E-230C-474C-8704-E0890C46E577}.Release|Any CPU.Build.0 = Release|Any CPU
	EndGlobalSection
	GlobalSection(SolutionProperties) = preSolution
		HideSolutionNode = FALSE
	EndGlobalSection
	GlobalSection(ExtensibilityGlobals) = postSolution
		SolutionGuid = {7A974E69-10CE-4707-8082-8C2A393E3C72}
	EndGlobalSection
EndGlobal
