
Microsoft Visual Studio Solution File, Format Version 12.00
# Visual Studio Version 16
VisualStudioVersion = 16.0.29911.84
MinimumVisualStudioVersion = 10.0.40219.1
Project("{FAE04EC0-301F-11D3-BF4B-00C04F79EFBC}") = "remove_duplicates", "remove_duplicates.csproj", "{111AD0C3-A378-4B65-BCC3-5EB3E54134FD}"
EndProject
Global
	GlobalSection(SolutionConfigurationPlatforms) = preSolution
		Debug|Any CPU = Debug|Any CPU
		Release|Any CPU = Release|Any CPU
	EndGlobalSection
	GlobalSection(ProjectConfigurationPlatforms) = postSolution
		{111AD0C3-A378-4B65-BCC3-5EB3E54134FD}.Debug|Any CPU.ActiveCfg = Debug|Any CPU
		{111AD0C3-A378-4B65-BCC3-5EB3E54134FD}.Debug|Any CPU.Build.0 = Debug|Any CPU
		{111AD0C3-A378-4B65-BCC3-5EB3E54134FD}.Release|Any CPU.ActiveCfg = Release|Any CPU
		{111AD0C3-A378-4B65-BCC3-5EB3E54134FD}.Release|Any CPU.Build.0 = Release|Any CPU
	EndGlobalSection
	GlobalSection(SolutionProperties) = preSolution
		HideSolutionNode = FALSE
	EndGlobalSection
	GlobalSection(ExtensibilityGlobals) = postSolution
		SolutionGuid = {6EFEC830-C303-407D-82C4-A048068C378C}
	EndGlobalSection
EndGlobal
