
Microsoft Visual Studio Solution File, Format Version 12.00
# Visual Studio Version 16
VisualStudioVersion = 16.0.29911.84
MinimumVisualStudioVersion = 10.0.40219.1
Project("{FAE04EC0-301F-11D3-BF4B-00C04F79EFBC}") = "hello_world", "hello_world\hello_world.csproj", "{A6891F28-DECC-47ED-BAD4-EB4EC6EA97C0}"
EndProject
Project("{FAE04EC0-301F-11D3-BF4B-00C04F79EFBC}") = "print_args", "print_args\print_args.csproj", "{2C4E1FB5-D5FE-4322-8DBD-0B1B09E16045}"
EndProject
Project("{FAE04EC0-301F-11D3-BF4B-00C04F79EFBC}") = "remove_duplicates", "remove_duplicates\remove_duplicates.csproj", "{111AD0C3-A378-4B65-BCC3-5EB3E54134FD}"
EndProject
Project("{2150E333-8FDC-42A3-9474-1A3956D46DE8}") = "Solution Items", "Solution Items", "{F3EA3D09-FCBB-442E-922A-CEC5C7026D05}"
	ProjectSection(SolutionItems) = preProject
		editorconfig = editorconfig
	EndProjectSection
EndProject
Global
	GlobalSection(SolutionConfigurationPlatforms) = preSolution
		Debug|Any CPU = Debug|Any CPU
		Release|Any CPU = Release|Any CPU
	EndGlobalSection
	GlobalSection(ProjectConfigurationPlatforms) = postSolution
		{A6891F28-DECC-47ED-BAD4-EB4EC6EA97C0}.Debug|Any CPU.ActiveCfg = Debug|Any CPU
		{A6891F28-DECC-47ED-BAD4-EB4EC6EA97C0}.Debug|Any CPU.Build.0 = Debug|Any CPU
		{A6891F28-DECC-47ED-BAD4-EB4EC6EA97C0}.Release|Any CPU.ActiveCfg = Release|Any CPU
		{A6891F28-DECC-47ED-BAD4-EB4EC6EA97C0}.Release|Any CPU.Build.0 = Release|Any CPU
		{2C4E1FB5-D5FE-4322-8DBD-0B1B09E16045}.Debug|Any CPU.ActiveCfg = Debug|Any CPU
		{2C4E1FB5-D5FE-4322-8DBD-0B1B09E16045}.Debug|Any CPU.Build.0 = Debug|Any CPU
		{2C4E1FB5-D5FE-4322-8DBD-0B1B09E16045}.Release|Any CPU.ActiveCfg = Release|Any CPU
		{2C4E1FB5-D5FE-4322-8DBD-0B1B09E16045}.Release|Any CPU.Build.0 = Release|Any CPU
		{111AD0C3-A378-4B65-BCC3-5EB3E54134FD}.Debug|Any CPU.ActiveCfg = Debug|Any CPU
		{111AD0C3-A378-4B65-BCC3-5EB3E54134FD}.Debug|Any CPU.Build.0 = Debug|Any CPU
		{111AD0C3-A378-4B65-BCC3-5EB3E54134FD}.Release|Any CPU.ActiveCfg = Release|Any CPU
		{111AD0C3-A378-4B65-BCC3-5EB3E54134FD}.Release|Any CPU.Build.0 = Release|Any CPU
	EndGlobalSection
	GlobalSection(SolutionProperties) = preSolution
		HideSolutionNode = FALSE
	EndGlobalSection
	GlobalSection(ExtensibilityGlobals) = postSolution
		SolutionGuid = {65A94348-C9C7-4AC7-83B2-916ACB934216}
	EndGlobalSection
EndGlobal
